
Microsoft Visual Studio Solution File, Format Version 12.00
# Visual Studio Version 17
VisualStudioVersion = 17.11.35327.3
MinimumVisualStudioVersion = 10.0.40219.1
Project("{FAE04EC0-301F-11D3-BF4B-00C04F79EFBC}") = "Hệ thống quản lý cho thuê xe", "Hệ thống quản lý cho thuê xe\Hệ thống quản lý cho thuê xe.csproj", "{CD8D01F1-9B41-46E0-BFA4-F4B0864E2A3D}"
EndProject
Global
	GlobalSection(SolutionConfigurationPlatforms) = preSolution
		Debug|Any CPU = Debug|Any CPU
		Release|Any CPU = Release|Any CPU
	EndGlobalSection
	GlobalSection(ProjectConfigurationPlatforms) = postSolution
		{CD8D01F1-9B41-46E0-BFA4-F4B0864E2A3D}.Debug|Any CPU.ActiveCfg = Debug|Any CPU
		{CD8D01F1-9B41-46E0-BFA4-F4B0864E2A3D}.Debug|Any CPU.Build.0 = Debug|Any CPU
		{CD8D01F1-9B41-46E0-BFA4-F4B0864E2A3D}.Release|Any CPU.ActiveCfg = Release|Any CPU
		{CD8D01F1-9B41-46E0-BFA4-F4B0864E2A3D}.Release|Any CPU.Build.0 = Release|Any CPU
	EndGlobalSection
	GlobalSection(SolutionProperties) = preSolution
		HideSolutionNode = FALSE
	EndGlobalSection
	GlobalSection(ExtensibilityGlobals) = postSolution
		SolutionGuid = {648BCD58-01E6-43DA-B7A2-426DE3961E5B}
	EndGlobalSection
EndGlobal
